
Microsoft Visual Studio Solution File, Format Version 12.00
# Visual Studio Version 16
VisualStudioVersion = 16.0.32106.194
MinimumVisualStudioVersion = 10.0.40219.1
Project("{FAE04EC0-301F-11D3-BF4B-00C04F79EFBC}") = "RegisterLoginLogout", "RegisterLoginLogout\RegisterLoginLogout.csproj", "{D0D7C3EC-AAAD-49BF-B908-60BA9346A13D}"
EndProject
Global
	GlobalSection(SolutionConfigurationPlatforms) = preSolution
		Debug|Any CPU = Debug|Any CPU
		Release|Any CPU = Release|Any CPU
	EndGlobalSection
	GlobalSection(ProjectConfigurationPlatforms) = postSolution
		{D0D7C3EC-AAAD-49BF-B908-60BA9346A13D}.Debug|Any CPU.ActiveCfg = Debug|Any CPU
		{D0D7C3EC-AAAD-49BF-B908-60BA9346A13D}.Debug|Any CPU.Build.0 = Debug|Any CPU
		{D0D7C3EC-AAAD-49BF-B908-60BA9346A13D}.Release|Any CPU.ActiveCfg = Release|Any CPU
		{D0D7C3EC-AAAD-49BF-B908-60BA9346A13D}.Release|Any CPU.Build.0 = Release|Any CPU
	EndGlobalSection
	GlobalSection(SolutionProperties) = preSolution
		HideSolutionNode = FALSE
	EndGlobalSection
	GlobalSection(ExtensibilityGlobals) = postSolution
		SolutionGuid = {420E7F0D-30D0-4346-BC77-0B0EA1F96366}
	EndGlobalSection
EndGlobal
